// !$*UTF8*$!
{
	archiveVersion = 1;
	classes = {
	};
	objectVersion = 55;
	objects = {

/* Begin PBXBuildFile section */
		767CDEFA285509E700FA0CA1 /* Movie+CoreDataClass.swift in Sources */ = {isa = PBXBuildFile; fileRef = 767CDEF8285509E700FA0CA1 /* Movie+CoreDataClass.swift */; };
		767CDEFB285509E700FA0CA1 /* Movie+CoreDataProperties.swift in Sources */ = {isa = PBXBuildFile; fileRef = 767CDEF9285509E700FA0CA1 /* Movie+CoreDataProperties.swift */; };
		768C1DBA2859374500CE3D8E /* Friends+CoreDataClass.swift in Sources */ = {isa = PBXBuildFile; fileRef = 768C1DB82859374500CE3D8E /* Friends+CoreDataClass.swift */; };
		768C1DBB2859374500CE3D8E /* Friends+CoreDataProperties.swift in Sources */ = {isa = PBXBuildFile; fileRef = 768C1DB92859374500CE3D8E /* Friends+CoreDataProperties.swift */; };
		768C1DBD285939A600CE3D8E /* FilteredList.swift in Sources */ = {isa = PBXBuildFile; fileRef = 768C1DBC285939A600CE3D8E /* FilteredList.swift */; };
		F934E356282A92A10035B7A6 /* CoreDataProjectApp.swift in Sources */ = {isa = PBXBuildFile; fileRef = F934E355282A92A10035B7A6 /* CoreDataProjectApp.swift */; };
		F934E358282A92A10035B7A6 /* ContentView.swift in Sources */ = {isa = PBXBuildFile; fileRef = F934E357282A92A10035B7A6 /* ContentView.swift */; };
		F934E35A282A92A20035B7A6 /* Assets.xcassets in Resources */ = {isa = PBXBuildFile; fileRef = F934E359282A92A20035B7A6 /* Assets.xcassets */; };
		F934E35D282A92A20035B7A6 /* Preview Assets.xcassets in Resources */ = {isa = PBXBuildFile; fileRef = F934E35C282A92A20035B7A6 /* Preview Assets.xcassets */; };
		F934E367282A92A20035B7A6 /* CoreDataProjectTests.swift in Sources */ = {isa = PBXBuildFile; fileRef = F934E366282A92A20035B7A6 /* CoreDataProjectTests.swift */; };
		F934E371282A92A20035B7A6 /* CoreDataProjectUITests.swift in Sources */ = {isa = PBXBuildFile; fileRef = F934E370282A92A20035B7A6 /* CoreDataProjectUITests.swift */; };
		F934E373282A92A20035B7A6 /* CoreDataProjectUITestsLaunchTests.swift in Sources */ = {isa = PBXBuildFile; fileRef = F934E372282A92A20035B7A6 /* CoreDataProjectUITestsLaunchTests.swift */; };
		F934E380282A92C40035B7A6 /* DataController.swift in Sources */ = {isa = PBXBuildFile; fileRef = F934E37F282A92C40035B7A6 /* DataController.swift */; };
		F934E383282A9FD20035B7A6 /* CoreDataProject.xcdatamodeld in Sources */ = {isa = PBXBuildFile; fileRef = F934E381282A9FD20035B7A6 /* CoreDataProject.xcdatamodeld */; };
		F9C248E5285E23FD000ACEA3 /* OneToManyExampleContentView.swift in Sources */ = {isa = PBXBuildFile; fileRef = F9C248E4285E23FD000ACEA3 /* OneToManyExampleContentView.swift */; };
		F9C248EA285E3A48000ACEA3 /* Country+CoreDataClass.swift in Sources */ = {isa = PBXBuildFile; fileRef = F9C248E6285E3A48000ACEA3 /* Country+CoreDataClass.swift */; };
		F9C248EB285E3A48000ACEA3 /* Country+CoreDataProperties.swift in Sources */ = {isa = PBXBuildFile; fileRef = F9C248E7285E3A48000ACEA3 /* Country+CoreDataProperties.swift */; };
		F9C248EC285E3A48000ACEA3 /* Candy+CoreDataClass.swift in Sources */ = {isa = PBXBuildFile; fileRef = F9C248E8285E3A48000ACEA3 /* Candy+CoreDataClass.swift */; };
		F9C248ED285E3A48000ACEA3 /* Candy+CoreDataProperties.swift in Sources */ = {isa = PBXBuildFile; fileRef = F9C248E9285E3A48000ACEA3 /* Candy+CoreDataProperties.swift */; };
/* End PBXBuildFile section */

/* Begin PBXContainerItemProxy section */
		F934E363282A92A20035B7A6 /* PBXContainerItemProxy */ = {
			isa = PBXContainerItemProxy;
			containerPortal = F934E34A282A92A10035B7A6 /* Project object */;
			proxyType = 1;
			remoteGlobalIDString = F934E351282A92A10035B7A6;
			remoteInfo = CoreDataProject;
		};
		F934E36D282A92A20035B7A6 /* PBXContainerItemProxy */ = {
			isa = PBXContainerItemProxy;
			containerPortal = F934E34A282A92A10035B7A6 /* Project object */;
			proxyType = 1;
			remoteGlobalIDString = F934E351282A92A10035B7A6;
			remoteInfo = CoreDataProject;
		};
/* End PBXContainerItemProxy section */

/* Begin PBXFileReference section */
		767CDEF8285509E700FA0CA1 /* Movie+CoreDataClass.swift */ = {isa = PBXFileReference; lastKnownFileType = sourcecode.swift; path = "Movie+CoreDataClass.swift"; sourceTree = "<group>"; };
		767CDEF9285509E700FA0CA1 /* Movie+CoreDataProperties.swift */ = {isa = PBXFileReference; lastKnownFileType = sourcecode.swift; path = "Movie+CoreDataProperties.swift"; sourceTree = "<group>"; };
		768C1DB82859374500CE3D8E /* Friends+CoreDataClass.swift */ = {isa = PBXFileReference; lastKnownFileType = sourcecode.swift; path = "Friends+CoreDataClass.swift"; sourceTree = SOURCE_ROOT; };
		768C1DB92859374500CE3D8E /* Friends+CoreDataProperties.swift */ = {isa = PBXFileReference; lastKnownFileType = sourcecode.swift; path = "Friends+CoreDataProperties.swift"; sourceTree = SOURCE_ROOT; };
		768C1DBC285939A600CE3D8E /* FilteredList.swift */ = {isa = PBXFileReference; lastKnownFileType = sourcecode.swift; path = FilteredList.swift; sourceTree = "<group>"; };
		F934E352282A92A10035B7A6 /* CoreDataProject.app */ = {isa = PBXFileReference; explicitFileType = wrapper.application; includeInIndex = 0; path = CoreDataProject.app; sourceTree = BUILT_PRODUCTS_DIR; };
		F934E355282A92A10035B7A6 /* CoreDataProjectApp.swift */ = {isa = PBXFileReference; lastKnownFileType = sourcecode.swift; path = CoreDataProjectApp.swift; sourceTree = "<group>"; };
		F934E357282A92A10035B7A6 /* ContentView.swift */ = {isa = PBXFileReference; lastKnownFileType = sourcecode.swift; path = ContentView.swift; sourceTree = "<group>"; };
		F934E359282A92A20035B7A6 /* Assets.xcassets */ = {isa = PBXFileReference; lastKnownFileType = folder.assetcatalog; path = Assets.xcassets; sourceTree = "<group>"; };
		F934E35C282A92A20035B7A6 /* Preview Assets.xcassets */ = {isa = PBXFileReference; lastKnownFileType = folder.assetcatalog; path = "Preview Assets.xcassets"; sourceTree = "<group>"; };
		F934E362282A92A20035B7A6 /* CoreDataProjectTests.xctest */ = {isa = PBXFileReference; explicitFileType = wrapper.cfbundle; includeInIndex = 0; path = CoreDataProjectTests.xctest; sourceTree = BUILT_PRODUCTS_DIR; };
		F934E366282A92A20035B7A6 /* CoreDataProjectTests.swift */ = {isa = PBXFileReference; lastKnownFileType = sourcecode.swift; path = CoreDataProjectTests.swift; sourceTree = "<group>"; };
		F934E36C282A92A20035B7A6 /* CoreDataProjectUITests.xctest */ = {isa = PBXFileReference; explicitFileType = wrapper.cfbundle; includeInIndex = 0; path = CoreDataProjectUITests.xctest; sourceTree = BUILT_PRODUCTS_DIR; };
		F934E370282A92A20035B7A6 /* CoreDataProjectUITests.swift */ = {isa = PBXFileReference; lastKnownFileType = sourcecode.swift; path = CoreDataProjectUITests.swift; sourceTree = "<group>"; };
		F934E372282A92A20035B7A6 /* CoreDataProjectUITestsLaunchTests.swift */ = {isa = PBXFileReference; lastKnownFileType = sourcecode.swift; path = CoreDataProjectUITestsLaunchTests.swift; sourceTree = "<group>"; };
		F934E37F282A92C40035B7A6 /* DataController.swift */ = {isa = PBXFileReference; lastKnownFileType = sourcecode.swift; path = DataController.swift; sourceTree = "<group>"; };
		F934E382282A9FD20035B7A6 /* CoreDataProject.xcdatamodel */ = {isa = PBXFileReference; lastKnownFileType = wrapper.xcdatamodel; path = CoreDataProject.xcdatamodel; sourceTree = "<group>"; };
		F9C248E4285E23FD000ACEA3 /* OneToManyExampleContentView.swift */ = {isa = PBXFileReference; lastKnownFileType = sourcecode.swift; path = OneToManyExampleContentView.swift; sourceTree = "<group>"; };
		F9C248E6285E3A48000ACEA3 /* Country+CoreDataClass.swift */ = {isa = PBXFileReference; lastKnownFileType = sourcecode.swift; path = "Country+CoreDataClass.swift"; sourceTree = SOURCE_ROOT; };
		F9C248E7285E3A48000ACEA3 /* Country+CoreDataProperties.swift */ = {isa = PBXFileReference; lastKnownFileType = sourcecode.swift; path = "Country+CoreDataProperties.swift"; sourceTree = SOURCE_ROOT; };
		F9C248E8285E3A48000ACEA3 /* Candy+CoreDataClass.swift */ = {isa = PBXFileReference; lastKnownFileType = sourcecode.swift; path = "Candy+CoreDataClass.swift"; sourceTree = SOURCE_ROOT; };
		F9C248E9285E3A48000ACEA3 /* Candy+CoreDataProperties.swift */ = {isa = PBXFileReference; lastKnownFileType = sourcecode.swift; path = "Candy+CoreDataProperties.swift"; sourceTree = SOURCE_ROOT; };
/* End PBXFileReference section */

/* Begin PBXFrameworksBuildPhase section */
		F934E34F282A92A10035B7A6 /* Frameworks */ = {
			isa = PBXFrameworksBuildPhase;
			buildActionMask = 2147483647;
			files = (
			);
			runOnlyForDeploymentPostprocessing = 0;
		};
		F934E35F282A92A20035B7A6 /* Frameworks */ = {
			isa = PBXFrameworksBuildPhase;
			buildActionMask = 2147483647;
			files = (
			);
			runOnlyForDeploymentPostprocessing = 0;
		};
		F934E369282A92A20035B7A6 /* Frameworks */ = {
			isa = PBXFrameworksBuildPhase;
			buildActionMask = 2147483647;
			files = (
			);
			runOnlyForDeploymentPostprocessing = 0;
		};
/* End PBXFrameworksBuildPhase section */

/* Begin PBXGroup section */
		F934E349282A92A10035B7A6 = {
			isa = PBXGroup;
			children = (
				F934E354282A92A10035B7A6 /* CoreDataProject */,
				F934E365282A92A20035B7A6 /* CoreDataProjectTests */,
				F934E36F282A92A20035B7A6 /* CoreDataProjectUITests */,
				F934E353282A92A10035B7A6 /* Products */,
			);
			sourceTree = "<group>";
		};
		F934E353282A92A10035B7A6 /* Products */ = {
			isa = PBXGroup;
			children = (
				F934E352282A92A10035B7A6 /* CoreDataProject.app */,
				F934E362282A92A20035B7A6 /* CoreDataProjectTests.xctest */,
				F934E36C282A92A20035B7A6 /* CoreDataProjectUITests.xctest */,
			);
			name = Products;
			sourceTree = "<group>";
		};
		F934E354282A92A10035B7A6 /* CoreDataProject */ = {
			isa = PBXGroup;
			children = (
				F9C248E6285E3A48000ACEA3 /* Country+CoreDataClass.swift */,
				F9C248E7285E3A48000ACEA3 /* Country+CoreDataProperties.swift */,
				F9C248E8285E3A48000ACEA3 /* Candy+CoreDataClass.swift */,
				F9C248E9285E3A48000ACEA3 /* Candy+CoreDataProperties.swift */,
				768C1DB82859374500CE3D8E /* Friends+CoreDataClass.swift */,
				768C1DB92859374500CE3D8E /* Friends+CoreDataProperties.swift */,
				767CDEF8285509E700FA0CA1 /* Movie+CoreDataClass.swift */,
				767CDEF9285509E700FA0CA1 /* Movie+CoreDataProperties.swift */,
				F934E355282A92A10035B7A6 /* CoreDataProjectApp.swift */,
				F934E357282A92A10035B7A6 /* ContentView.swift */,
				768C1DBC285939A600CE3D8E /* FilteredList.swift */,
				F934E359282A92A20035B7A6 /* Assets.xcassets */,
				F934E35B282A92A20035B7A6 /* Preview Content */,
				F934E37F282A92C40035B7A6 /* DataController.swift */,
				F934E381282A9FD20035B7A6 /* CoreDataProject.xcdatamodeld */,
				F9C248E4285E23FD000ACEA3 /* OneToManyExampleContentView.swift */,
			);
			path = CoreDataProject;
			sourceTree = "<group>";
		};
		F934E35B282A92A20035B7A6 /* Preview Content */ = {
			isa = PBXGroup;
			children = (
				F934E35C282A92A20035B7A6 /* Preview Assets.xcassets */,
			);
			path = "Preview Content";
			sourceTree = "<group>";
		};
		F934E365282A92A20035B7A6 /* CoreDataProjectTests */ = {
			isa = PBXGroup;
			children = (
				F934E366282A92A20035B7A6 /* CoreDataProjectTests.swift */,
			);
			path = CoreDataProjectTests;
			sourceTree = "<group>";
		};
		F934E36F282A92A20035B7A6 /* CoreDataProjectUITests */ = {
			isa = PBXGroup;
			children = (
				F934E370282A92A20035B7A6 /* CoreDataProjectUITests.swift */,
				F934E372282A92A20035B7A6 /* CoreDataProjectUITestsLaunchTests.swift */,
			);
			path = CoreDataProjectUITests;
			sourceTree = "<group>";
		};
/* End PBXGroup section */

/* Begin PBXNativeTarget section */
		F934E351282A92A10035B7A6 /* CoreDataProject */ = {
			isa = PBXNativeTarget;
			buildConfigurationList = F934E376282A92A20035B7A6 /* Build configuration list for PBXNativeTarget "CoreDataProject" */;
			buildPhases = (
				F934E34E282A92A10035B7A6 /* Sources */,
				F934E34F282A92A10035B7A6 /* Frameworks */,
				F934E350282A92A10035B7A6 /* Resources */,
			);
			buildRules = (
			);
			dependencies = (
			);
			name = CoreDataProject;
			productName = CoreDataProject;
			productReference = F934E352282A92A10035B7A6 /* CoreDataProject.app */;
			productType = "com.apple.product-type.application";
		};
		F934E361282A92A20035B7A6 /* CoreDataProjectTests */ = {
			isa = PBXNativeTarget;
			buildConfigurationList = F934E379282A92A20035B7A6 /* Build configuration list for PBXNativeTarget "CoreDataProjectTests" */;
			buildPhases = (
				F934E35E282A92A20035B7A6 /* Sources */,
				F934E35F282A92A20035B7A6 /* Frameworks */,
				F934E360282A92A20035B7A6 /* Resources */,
			);
			buildRules = (
			);
			dependencies = (
				F934E364282A92A20035B7A6 /* PBXTargetDependency */,
			);
			name = CoreDataProjectTests;
			productName = CoreDataProjectTests;
			productReference = F934E362282A92A20035B7A6 /* CoreDataProjectTests.xctest */;
			productType = "com.apple.product-type.bundle.unit-test";
		};
		F934E36B282A92A20035B7A6 /* CoreDataProjectUITests */ = {
			isa = PBXNativeTarget;
			buildConfigurationList = F934E37C282A92A20035B7A6 /* Build configuration list for PBXNativeTarget "CoreDataProjectUITests" */;
			buildPhases = (
				F934E368282A92A20035B7A6 /* Sources */,
				F934E369282A92A20035B7A6 /* Frameworks */,
				F934E36A282A92A20035B7A6 /* Resources */,
			);
			buildRules = (
			);
			dependencies = (
				F934E36E282A92A20035B7A6 /* PBXTargetDependency */,
			);
			name = CoreDataProjectUITests;
			productName = CoreDataProjectUITests;
			productReference = F934E36C282A92A20035B7A6 /* CoreDataProjectUITests.xctest */;
			productType = "com.apple.product-type.bundle.ui-testing";
		};
/* End PBXNativeTarget section */

/* Begin PBXProject section */
		F934E34A282A92A10035B7A6 /* Project object */ = {
			isa = PBXProject;
			attributes = {
				BuildIndependentTargetsInParallel = 1;
				LastSwiftUpdateCheck = 1330;
				LastUpgradeCheck = 1330;
				TargetAttributes = {
					F934E351282A92A10035B7A6 = {
						CreatedOnToolsVersion = 13.3.1;
					};
					F934E361282A92A20035B7A6 = {
						CreatedOnToolsVersion = 13.3.1;
						TestTargetID = F934E351282A92A10035B7A6;
					};
					F934E36B282A92A20035B7A6 = {
						CreatedOnToolsVersion = 13.3.1;
						TestTargetID = F934E351282A92A10035B7A6;
					};
				};
			};
			buildConfigurationList = F934E34D282A92A10035B7A6 /* Build configuration list for PBXProject "CoreDataProject" */;
			compatibilityVersion = "Xcode 13.0";
			developmentRegion = en;
			hasScannedForEncodings = 0;
			knownRegions = (
				en,
				Base,
			);
			mainGroup = F934E349282A92A10035B7A6;
			productRefGroup = F934E353282A92A10035B7A6 /* Products */;
			projectDirPath = "";
			projectRoot = "";
			targets = (
				F934E351282A92A10035B7A6 /* CoreDataProject */,
				F934E361282A92A20035B7A6 /* CoreDataProjectTests */,
				F934E36B282A92A20035B7A6 /* CoreDataProjectUITests */,
			);
		};
/* End PBXProject section */

/* Begin PBXResourcesBuildPhase section */
		F934E350282A92A10035B7A6 /* Resources */ = {
			isa = PBXResourcesBuildPhase;
			buildActionMask = 2147483647;
			files = (
				F934E35D282A92A20035B7A6 /* Preview Assets.xcassets in Resources */,
				F934E35A282A92A20035B7A6 /* Assets.xcassets in Resources */,
			);
			runOnlyForDeploymentPostprocessing = 0;
		};
		F934E360282A92A20035B7A6 /* Resources */ = {
			isa = PBXResourcesBuildPhase;
			buildActionMask = 2147483647;
			files = (
			);
			runOnlyForDeploymentPostprocessing = 0;
		};
		F934E36A282A92A20035B7A6 /* Resources */ = {
			isa = PBXResourcesBuildPhase;
			buildActionMask = 2147483647;
			files = (
			);
			runOnlyForDeploymentPostprocessing = 0;
		};
/* End PBXResourcesBuildPhase section */

/* Begin PBXSourcesBuildPhase section */
		F934E34E282A92A10035B7A6 /* Sources */ = {
			isa = PBXSourcesBuildPhase;
			buildActionMask = 2147483647;
			files = (
				F934E358282A92A10035B7A6 /* ContentView.swift in Sources */,
				F934E380282A92C40035B7A6 /* DataController.swift in Sources */,
				768C1DBD285939A600CE3D8E /* FilteredList.swift in Sources */,
				768C1DBB2859374500CE3D8E /* Friends+CoreDataProperties.swift in Sources */,
				F9C248EA285E3A48000ACEA3 /* Country+CoreDataClass.swift in Sources */,
				F9C248E5285E23FD000ACEA3 /* OneToManyExampleContentView.swift in Sources */,
				F934E383282A9FD20035B7A6 /* CoreDataProject.xcdatamodeld in Sources */,
				F9C248EC285E3A48000ACEA3 /* Candy+CoreDataClass.swift in Sources */,
				767CDEFA285509E700FA0CA1 /* Movie+CoreDataClass.swift in Sources */,
				F9C248EB285E3A48000ACEA3 /* Country+CoreDataProperties.swift in Sources */,
				768C1DBA2859374500CE3D8E /* Friends+CoreDataClass.swift in Sources */,
				F9C248ED285E3A48000ACEA3 /* Candy+CoreDataProperties.swift in Sources */,
				767CDEFB285509E700FA0CA1 /* Movie+CoreDataProperties.swift in Sources */,
				F934E356282A92A10035B7A6 /* CoreDataProjectApp.swift in Sources */,
			);
			runOnlyForDeploymentPostprocessing = 0;
		};
		F934E35E282A92A20035B7A6 /* Sources */ = {
			isa = PBXSourcesBuildPhase;
			buildActionMask = 2147483647;
			files = (
				F934E367282A92A20035B7A6 /* CoreDataProjectTests.swift in Sources */,
			);
			runOnlyForDeploymentPostprocessing = 0;
		};
		F934E368282A92A20035B7A6 /* Sources */ = {
			isa = PBXSourcesBuildPhase;
			buildActionMask = 2147483647;
			files = (
				F934E371282A92A20035B7A6 /* CoreDataProjectUITests.swift in Sources */,
				F934E373282A92A20035B7A6 /* CoreDataProjectUITestsLaunchTests.swift in Sources */,
			);
			runOnlyForDeploymentPostprocessing = 0;
		};
/* End PBXSourcesBuildPhase section */

/* Begin PBXTargetDependency section */
		F934E364282A92A20035B7A6 /* PBXTargetDependency */ = {
			isa = PBXTargetDependency;
			target = F934E351282A92A10035B7A6 /* CoreDataProject */;
			targetProxy = F934E363282A92A20035B7A6 /* PBXContainerItemProxy */;
		};
		F934E36E282A92A20035B7A6 /* PBXTargetDependency */ = {
			isa = PBXTargetDependency;
			target = F934E351282A92A10035B7A6 /* CoreDataProject */;
			targetProxy = F934E36D282A92A20035B7A6 /* PBXContainerItemProxy */;
		};
/* End PBXTargetDependency section */

/* Begin XCBuildConfiguration section */
		F934E374282A92A20035B7A6 /* Debug */ = {
			isa = XCBuildConfiguration;
			buildSettings = {
				ALWAYS_SEARCH_USER_PATHS = NO;
				CLANG_ANALYZER_NONNULL = YES;
				CLANG_ANALYZER_NUMBER_OBJECT_CONVERSION = YES_AGGRESSIVE;
				CLANG_CXX_LANGUAGE_STANDARD = "gnu++17";
				CLANG_ENABLE_MODULES = YES;
				CLANG_ENABLE_OBJC_ARC = YES;
				CLANG_ENABLE_OBJC_WEAK = YES;
				CLANG_WARN_BLOCK_CAPTURE_AUTORELEASING = YES;
				CLANG_WARN_BOOL_CONVERSION = YES;
				CLANG_WARN_COMMA = YES;
				CLANG_WARN_CONSTANT_CONVERSION = YES;
				CLANG_WARN_DEPRECATED_OBJC_IMPLEMENTATIONS = YES;
				CLANG_WARN_DIRECT_OBJC_ISA_USAGE = YES_ERROR;
				CLANG_WARN_DOCUMENTATION_COMMENTS = YES;
				CLANG_WARN_EMPTY_BODY = YES;
				CLANG_WARN_ENUM_CONVERSION = YES;
				CLANG_WARN_INFINITE_RECURSION = YES;
				CLANG_WARN_INT_CONVERSION = YES;
				CLANG_WARN_NON_LITERAL_NULL_CONVERSION = YES;
				CLANG_WARN_OBJC_IMPLICIT_RETAIN_SELF = YES;
				CLANG_WARN_OBJC_LITERAL_CONVERSION = YES;
				CLANG_WARN_OBJC_ROOT_CLASS = YES_ERROR;
				CLANG_WARN_QUOTED_INCLUDE_IN_FRAMEWORK_HEADER = YES;
				CLANG_WARN_RANGE_LOOP_ANALYSIS = YES;
				CLANG_WARN_STRICT_PROTOTYPES = YES;
				CLANG_WARN_SUSPICIOUS_MOVE = YES;
				CLANG_WARN_UNGUARDED_AVAILABILITY = YES_AGGRESSIVE;
				CLANG_WARN_UNREACHABLE_CODE = YES;
				CLANG_WARN__DUPLICATE_METHOD_MATCH = YES;
				COPY_PHASE_STRIP = NO;
				DEBUG_INFORMATION_FORMAT = dwarf;
				ENABLE_STRICT_OBJC_MSGSEND = YES;
				ENABLE_TESTABILITY = YES;
				GCC_C_LANGUAGE_STANDARD = gnu11;
				GCC_DYNAMIC_NO_PIC = NO;
				GCC_NO_COMMON_BLOCKS = YES;
				GCC_OPTIMIZATION_LEVEL = 0;
				GCC_PREPROCESSOR_DEFINITIONS = (
					"DEBUG=1",
					"$(inherited)",
				);
				GCC_WARN_64_TO_32_BIT_CONVERSION = YES;
				GCC_WARN_ABOUT_RETURN_TYPE = YES_ERROR;
				GCC_WARN_UNDECLARED_SELECTOR = YES;
				GCC_WARN_UNINITIALIZED_AUTOS = YES_AGGRESSIVE;
				GCC_WARN_UNUSED_FUNCTION = YES;
				GCC_WARN_UNUSED_VARIABLE = YES;
				IPHONEOS_DEPLOYMENT_TARGET = 15.0;
				MTL_ENABLE_DEBUG_INFO = INCLUDE_SOURCE;
				MTL_FAST_MATH = YES;
				ONLY_ACTIVE_ARCH = YES;
				SDKROOT = iphoneos;
				SWIFT_ACTIVE_COMPILATION_CONDITIONS = DEBUG;
				SWIFT_OPTIMIZATION_LEVEL = "-Onone";
			};
			name = Debug;
		};
		F934E375282A92A20035B7A6 /* Release */ = {
			isa = XCBuildConfiguration;
			buildSettings = {
				ALWAYS_SEARCH_USER_PATHS = NO;
				CLANG_ANALYZER_NONNULL = YES;
				CLANG_ANALYZER_NUMBER_OBJECT_CONVERSION = YES_AGGRESSIVE;
				CLANG_CXX_LANGUAGE_STANDARD = "gnu++17";
				CLANG_ENABLE_MODULES = YES;
				CLANG_ENABLE_OBJC_ARC = YES;
				CLANG_ENABLE_OBJC_WEAK = YES;
				CLANG_WARN_BLOCK_CAPTURE_AUTORELEASING = YES;
				CLANG_WARN_BOOL_CONVERSION = YES;
				CLANG_WARN_COMMA = YES;
				CLANG_WARN_CONSTANT_CONVERSION = YES;
				CLANG_WARN_DEPRECATED_OBJC_IMPLEMENTATIONS = YES;
				CLANG_WARN_DIRECT_OBJC_ISA_USAGE = YES_ERROR;
				CLANG_WARN_DOCUMENTATION_COMMENTS = YES;
				CLANG_WARN_EMPTY_BODY = YES;
				CLANG_WARN_ENUM_CONVERSION = YES;
				CLANG_WARN_INFINITE_RECURSION = YES;
				CLANG_WARN_INT_CONVERSION = YES;
				CLANG_WARN_NON_LITERAL_NULL_CONVERSION = YES;
				CLANG_WARN_OBJC_IMPLICIT_RETAIN_SELF = YES;
				CLANG_WARN_OBJC_LITERAL_CONVERSION = YES;
				CLANG_WARN_OBJC_ROOT_CLASS = YES_ERROR;
				CLANG_WARN_QUOTED_INCLUDE_IN_FRAMEWORK_HEADER = YES;
				CLANG_WARN_RANGE_LOOP_ANALYSIS = YES;
				CLANG_WARN_STRICT_PROTOTYPES = YES;
				CLANG_WARN_SUSPICIOUS_MOVE = YES;
				CLANG_WARN_UNGUARDED_AVAILABILITY = YES_AGGRESSIVE;
				CLANG_WARN_UNREACHABLE_CODE = YES;
				CLANG_WARN__DUPLICATE_METHOD_MATCH = YES;
				COPY_PHASE_STRIP = NO;
				DEBUG_INFORMATION_FORMAT = "dwarf-with-dsym";
				ENABLE_NS_ASSERTIONS = NO;
				ENABLE_STRICT_OBJC_MSGSEND = YES;
				GCC_C_LANGUAGE_STANDARD = gnu11;
				GCC_NO_COMMON_BLOCKS = YES;
				GCC_WARN_64_TO_32_BIT_CONVERSION = YES;
				GCC_WARN_ABOUT_RETURN_TYPE = YES_ERROR;
				GCC_WARN_UNDECLARED_SELECTOR = YES;
				GCC_WARN_UNINITIALIZED_AUTOS = YES_AGGRESSIVE;
				GCC_WARN_UNUSED_FUNCTION = YES;
				GCC_WARN_UNUSED_VARIABLE = YES;
				IPHONEOS_DEPLOYMENT_TARGET = 15.0;
				MTL_ENABLE_DEBUG_INFO = NO;
				MTL_FAST_MATH = YES;
				SDKROOT = iphoneos;
				SWIFT_COMPILATION_MODE = wholemodule;
				SWIFT_OPTIMIZATION_LEVEL = "-O";
				VALIDATE_PRODUCT = YES;
			};
			name = Release;
		};
		F934E377282A92A20035B7A6 /* Debug */ = {
			isa = XCBuildConfiguration;
			buildSettings = {
				ASSETCATALOG_COMPILER_APPICON_NAME = AppIcon;
				ASSETCATALOG_COMPILER_GLOBAL_ACCENT_COLOR_NAME = AccentColor;
				CODE_SIGN_STYLE = Automatic;
				CURRENT_PROJECT_VERSION = 1;
				DEVELOPMENT_ASSET_PATHS = "\"CoreDataProject/Preview Content\"";
				ENABLE_PREVIEWS = YES;
				GENERATE_INFOPLIST_FILE = YES;
				INFOPLIST_KEY_UIApplicationSceneManifest_Generation = YES;
				INFOPLIST_KEY_UIApplicationSupportsIndirectInputEvents = YES;
				INFOPLIST_KEY_UILaunchScreen_Generation = YES;
				INFOPLIST_KEY_UISupportedInterfaceOrientations_iPad = "UIInterfaceOrientationPortrait UIInterfaceOrientationPortraitUpsideDown UIInterfaceOrientationLandscapeLeft UIInterfaceOrientationLandscapeRight";
				INFOPLIST_KEY_UISupportedInterfaceOrientations_iPhone = "UIInterfaceOrientationPortrait UIInterfaceOrientationLandscapeLeft UIInterfaceOrientationLandscapeRight";
				LD_RUNPATH_SEARCH_PATHS = (
					"$(inherited)",
					"@executable_path/Frameworks",
				);
				MARKETING_VERSION = 1.0;
				PRODUCT_BUNDLE_IDENTIFIER = com.takasur.CoreDataProject;
				PRODUCT_NAME = "$(TARGET_NAME)";
				SWIFT_EMIT_LOC_STRINGS = YES;
				SWIFT_VERSION = 5.0;
				TARGETED_DEVICE_FAMILY = "1,2";
			};
			name = Debug;
		};
		F934E378282A92A20035B7A6 /* Release */ = {
			isa = XCBuildConfiguration;
			buildSettings = {
				ASSETCATALOG_COMPILER_APPICON_NAME = AppIcon;
				ASSETCATALOG_COMPILER_GLOBAL_ACCENT_COLOR_NAME = AccentColor;
				CODE_SIGN_STYLE = Automatic;
				CURRENT_PROJECT_VERSION = 1;
				DEVELOPMENT_ASSET_PATHS = "\"CoreDataProject/Preview Content\"";
				ENABLE_PREVIEWS = YES;
				GENERATE_INFOPLIST_FILE = YES;
				INFOPLIST_KEY_UIApplicationSceneManifest_Generation = YES;
				INFOPLIST_KEY_UIApplicationSupportsIndirectInputEvents = YES;
				INFOPLIST_KEY_UILaunchScreen_Generation = YES;
				INFOPLIST_KEY_UISupportedInterfaceOrientations_iPad = "UIInterfaceOrientationPortrait UIInterfaceOrientationPortraitUpsideDown UIInterfaceOrientationLandscapeLeft UIInterfaceOrientationLandscapeRight";
				INFOPLIST_KEY_UISupportedInterfaceOrientations_iPhone = "UIInterfaceOrientationPortrait UIInterfaceOrientationLandscapeLeft UIInterfaceOrientationLandscapeRight";
				LD_RUNPATH_SEARCH_PATHS = (
					"$(inherited)",
					"@executable_path/Frameworks",
				);
				MARKETING_VERSION = 1.0;
				PRODUCT_BUNDLE_IDENTIFIER = com.takasur.CoreDataProject;
				PRODUCT_NAME = "$(TARGET_NAME)";
				SWIFT_EMIT_LOC_STRINGS = YES;
				SWIFT_VERSION = 5.0;
				TARGETED_DEVICE_FAMILY = "1,2";
			};
			name = Release;
		};
		F934E37A282A92A20035B7A6 /* Debug */ = {
			isa = XCBuildConfiguration;
			buildSettings = {
				ALWAYS_EMBED_SWIFT_STANDARD_LIBRARIES = YES;
				BUNDLE_LOADER = "$(TEST_HOST)";
				CODE_SIGN_STYLE = Automatic;
				CURRENT_PROJECT_VERSION = 1;
				GENERATE_INFOPLIST_FILE = YES;
				IPHONEOS_DEPLOYMENT_TARGET = 15.4;
				MARKETING_VERSION = 1.0;
				PRODUCT_BUNDLE_IDENTIFIER = com.takasur.CoreDataProjectTests;
				PRODUCT_NAME = "$(TARGET_NAME)";
				SWIFT_EMIT_LOC_STRINGS = NO;
				SWIFT_VERSION = 5.0;
				TARGETED_DEVICE_FAMILY = "1,2";
				TEST_HOST = "$(BUILT_PRODUCTS_DIR)/CoreDataProject.app/CoreDataProject";
			};
			name = Debug;
		};
		F934E37B282A92A20035B7A6 /* Release */ = {
			isa = XCBuildConfiguration;
			buildSettings = {
				ALWAYS_EMBED_SWIFT_STANDARD_LIBRARIES = YES;
				BUNDLE_LOADER = "$(TEST_HOST)";
				CODE_SIGN_STYLE = Automatic;
				CURRENT_PROJECT_VERSION = 1;
				GENERATE_INFOPLIST_FILE = YES;
				IPHONEOS_DEPLOYMENT_TARGET = 15.4;
				MARKETING_VERSION = 1.0;
				PRODUCT_BUNDLE_IDENTIFIER = com.takasur.CoreDataProjectTests;
				PRODUCT_NAME = "$(TARGET_NAME)";
				SWIFT_EMIT_LOC_STRINGS = NO;
				SWIFT_VERSION = 5.0;
				TARGETED_DEVICE_FAMILY = "1,2";
				TEST_HOST = "$(BUILT_PRODUCTS_DIR)/CoreDataProject.app/CoreDataProject";
			};
			name = Release;
		};
		F934E37D282A92A20035B7A6 /* Debug */ = {
			isa = XCBuildConfiguration;
			buildSettings = {
				ALWAYS_EMBED_SWIFT_STANDARD_LIBRARIES = YES;
				CODE_SIGN_STYLE = Automatic;
				CURRENT_PROJECT_VERSION = 1;
				GENERATE_INFOPLIST_FILE = YES;
				MARKETING_VERSION = 1.0;
				PRODUCT_BUNDLE_IDENTIFIER = com.takasur.CoreDataProjectUITests;
				PRODUCT_NAME = "$(TARGET_NAME)";
				SWIFT_EMIT_LOC_STRINGS = NO;
				SWIFT_VERSION = 5.0;
				TARGETED_DEVICE_FAMILY = "1,2";
				TEST_TARGET_NAME = CoreDataProject;
			};
			name = Debug;
		};
		F934E37E282A92A20035B7A6 /* Release */ = {
			isa = XCBuildConfiguration;
			buildSettings = {
				ALWAYS_EMBED_SWIFT_STANDARD_LIBRARIES = YES;
				CODE_SIGN_STYLE = Automatic;
				CURRENT_PROJECT_VERSION = 1;
				GENERATE_INFOPLIST_FILE = YES;
				MARKETING_VERSION = 1.0;
				PRODUCT_BUNDLE_IDENTIFIER = com.takasur.CoreDataProjectUITests;
				PRODUCT_NAME = "$(TARGET_NAME)";
				SWIFT_EMIT_LOC_STRINGS = NO;
				SWIFT_VERSION = 5.0;
				TARGETED_DEVICE_FAMILY = "1,2";
				TEST_TARGET_NAME = CoreDataProject;
			};
			name = Release;
		};
/* End XCBuildConfiguration section */

/* Begin XCConfigurationList section */
		F934E34D282A92A10035B7A6 /* Build configuration list for PBXProject "CoreDataProject" */ = {
			isa = XCConfigurationList;
			buildConfigurations = (
				F934E374282A92A20035B7A6 /* Debug */,
				F934E375282A92A20035B7A6 /* Release */,
			);
			defaultConfigurationIsVisible = 0;
			defaultConfigurationName = Release;
		};
		F934E376282A92A20035B7A6 /* Build configuration list for PBXNativeTarget "CoreDataProject" */ = {
			isa = XCConfigurationList;
			buildConfigurations = (
				F934E377282A92A20035B7A6 /* Debug */,
				F934E378282A92A20035B7A6 /* Release */,
			);
			defaultConfigurationIsVisible = 0;
			defaultConfigurationName = Release;
		};
		F934E379282A92A20035B7A6 /* Build configuration list for PBXNativeTarget "CoreDataProjectTests" */ = {
			isa = XCConfigurationList;
			buildConfigurations = (
				F934E37A282A92A20035B7A6 /* Debug */,
				F934E37B282A92A20035B7A6 /* Release */,
			);
			defaultConfigurationIsVisible = 0;
			defaultConfigurationName = Release;
		};
		F934E37C282A92A20035B7A6 /* Build configuration list for PBXNativeTarget "CoreDataProjectUITests" */ = {
			isa = XCConfigurationList;
			buildConfigurations = (
				F934E37D282A92A20035B7A6 /* Debug */,
				F934E37E282A92A20035B7A6 /* Release */,
			);
			defaultConfigurationIsVisible = 0;
			defaultConfigurationName = Release;
		};
/* End XCConfigurationList section */

/* Begin XCVersionGroup section */
		F934E381282A9FD20035B7A6 /* CoreDataProject.xcdatamodeld */ = {
			isa = XCVersionGroup;
			children = (
				F934E382282A9FD20035B7A6 /* CoreDataProject.xcdatamodel */,
			);
			currentVersion = F934E382282A9FD20035B7A6 /* CoreDataProject.xcdatamodel */;
			path = CoreDataProject.xcdatamodeld;
			sourceTree = "<group>";
			versionGroupType = wrapper.xcdatamodel;
		};
/* End XCVersionGroup section */
	};
	rootObject = F934E34A282A92A10035B7A6 /* Project object */;
}
